
Microsoft Visual Studio Solution File, Format Version 12.00
# Visual Studio Version 17
VisualStudioVersion = 17.14.36518.9
MinimumVisualStudioVersion = 10.0.40219.1
Project("{FAE04EC0-301F-11D3-BF4B-00C04F79EFBC}") = "CSharpEducation501.DapperWinForm", "CSharpEducation501.DapperWinForm\CSharpEducation501.DapperWinForm.csproj", "{1A83C4FA-727A-4EE7-9260-337C4338F089}"
EndProject
Project("{FAE04EC0-301F-11D3-BF4B-00C04F79EFBC}") = "CSharpEducation501.MongoDbWinForm", "CSharpEducation501.MongoDbWinForm\CSharpEducation501.MongoDbWinForm.csproj", "{AA65845A-E5D5-4DD3-BA80-F3F7EB2F63F1}"
EndProject
Project("{FAE04EC0-301F-11D3-BF4B-00C04F79EFBC}") = "CSharpEducation501.PostgresqlWinForm", "CSharpEducation501.PostgresqlWinForm\CSharpEducation501.PostgresqlWinForm.csproj", "{D16D0EC8-596E-4610-9430-9A4BC73003AE}"
EndProject
Global
	GlobalSection(SolutionConfigurationPlatforms) = preSolution
		Debug|Any CPU = Debug|Any CPU
		Release|Any CPU = Release|Any CPU
	EndGlobalSection
	GlobalSection(ProjectConfigurationPlatforms) = postSolution
		{1A83C4FA-727A-4EE7-9260-337C4338F089}.Debug|Any CPU.ActiveCfg = Debug|Any CPU
		{1A83C4FA-727A-4EE7-9260-337C4338F089}.Debug|Any CPU.Build.0 = Debug|Any CPU
		{1A83C4FA-727A-4EE7-9260-337C4338F089}.Release|Any CPU.ActiveCfg = Release|Any CPU
		{1A83C4FA-727A-4EE7-9260-337C4338F089}.Release|Any CPU.Build.0 = Release|Any CPU
		{AA65845A-E5D5-4DD3-BA80-F3F7EB2F63F1}.Debug|Any CPU.ActiveCfg = Debug|Any CPU
		{AA65845A-E5D5-4DD3-BA80-F3F7EB2F63F1}.Debug|Any CPU.Build.0 = Debug|Any CPU
		{AA65845A-E5D5-4DD3-BA80-F3F7EB2F63F1}.Release|Any CPU.ActiveCfg = Release|Any CPU
		{AA65845A-E5D5-4DD3-BA80-F3F7EB2F63F1}.Release|Any CPU.Build.0 = Release|Any CPU
		{D16D0EC8-596E-4610-9430-9A4BC73003AE}.Debug|Any CPU.ActiveCfg = Debug|Any CPU
		{D16D0EC8-596E-4610-9430-9A4BC73003AE}.Debug|Any CPU.Build.0 = Debug|Any CPU
		{D16D0EC8-596E-4610-9430-9A4BC73003AE}.Release|Any CPU.ActiveCfg = Release|Any CPU
		{D16D0EC8-596E-4610-9430-9A4BC73003AE}.Release|Any CPU.Build.0 = Release|Any CPU
	EndGlobalSection
	GlobalSection(SolutionProperties) = preSolution
		HideSolutionNode = FALSE
	EndGlobalSection
	GlobalSection(ExtensibilityGlobals) = postSolution
		SolutionGuid = {90FBBB19-0775-4DAA-8CB8-BFCCF70345EE}
	EndGlobalSection
EndGlobal
